
Microsoft Visual Studio Solution File, Format Version 12.00
# Visual Studio 15
VisualStudioVersion = 15.0.26124.0
MinimumVisualStudioVersion = 15.0.26124.0
Project("{2150E333-8FDC-42A3-9474-1A3956D46DE8}") = "Core", "Core", "{2F2F590D-91B9-4611-A458-82B5C9524CFF}"
EndProject
Project("{FAE04EC0-301F-11D3-BF4B-00C04F79EFBC}") = "Application", "Core\Application\Application.csproj", "{3E53AE6F-C5D8-44C0-8D5C-C86DA8278931}"
EndProject
Project("{FAE04EC0-301F-11D3-BF4B-00C04F79EFBC}") = "Domain", "Core\Domain\Domain.csproj", "{A5E28A9E-D591-4EF3-BC15-BD883ADBE219}"
EndProject
Project("{2150E333-8FDC-42A3-9474-1A3956D46DE8}") = "Infrastructure", "Infrastructure", "{2CDB8623-673F-4E9F-800C-C9C37953898D}"
EndProject
Project("{FAE04EC0-301F-11D3-BF4B-00C04F79EFBC}") = "Persistence", "Infrastructure\Persistence\Persistence.csproj", "{778C0BD9-0F58-4510-81FD-D074BDBB5AFC}"
EndProject
Project("{FAE04EC0-301F-11D3-BF4B-00C04F79EFBC}") = "Shared", "Infrastructure\Shared\Shared.csproj", "{1DC146CD-1E6F-40B6-8970-C23AE19640D0}"
EndProject
Project("{2150E333-8FDC-42A3-9474-1A3956D46DE8}") = "Presentation", "Presentation", "{390B880E-6E9E-49AE-9A2A-F422C2608F8F}"
EndProject
Project("{FAE04EC0-301F-11D3-BF4B-00C04F79EFBC}") = "API", "Presentation\API\API.csproj", "{4664056B-85CD-4B4E-9657-9479DD679A41}"
EndProject
Global
	GlobalSection(SolutionConfigurationPlatforms) = preSolution
		Debug|Any CPU = Debug|Any CPU
		Debug|x64 = Debug|x64
		Debug|x86 = Debug|x86
		Release|Any CPU = Release|Any CPU
		Release|x64 = Release|x64
		Release|x86 = Release|x86
	EndGlobalSection
	GlobalSection(SolutionProperties) = preSolution
		HideSolutionNode = FALSE
	EndGlobalSection
	GlobalSection(ProjectConfigurationPlatforms) = postSolution
		{3E53AE6F-C5D8-44C0-8D5C-C86DA8278931}.Debug|Any CPU.ActiveCfg = Debug|Any CPU
		{3E53AE6F-C5D8-44C0-8D5C-C86DA8278931}.Debug|Any CPU.Build.0 = Debug|Any CPU
		{3E53AE6F-C5D8-44C0-8D5C-C86DA8278931}.Debug|x64.ActiveCfg = Debug|Any CPU
		{3E53AE6F-C5D8-44C0-8D5C-C86DA8278931}.Debug|x64.Build.0 = Debug|Any CPU
		{3E53AE6F-C5D8-44C0-8D5C-C86DA8278931}.Debug|x86.ActiveCfg = Debug|Any CPU
		{3E53AE6F-C5D8-44C0-8D5C-C86DA8278931}.Debug|x86.Build.0 = Debug|Any CPU
		{3E53AE6F-C5D8-44C0-8D5C-C86DA8278931}.Release|Any CPU.ActiveCfg = Release|Any CPU
		{3E53AE6F-C5D8-44C0-8D5C-C86DA8278931}.Release|Any CPU.Build.0 = Release|Any CPU
		{3E53AE6F-C5D8-44C0-8D5C-C86DA8278931}.Release|x64.ActiveCfg = Release|Any CPU
		{3E53AE6F-C5D8-44C0-8D5C-C86DA8278931}.Release|x64.Build.0 = Release|Any CPU
		{3E53AE6F-C5D8-44C0-8D5C-C86DA8278931}.Release|x86.ActiveCfg = Release|Any CPU
		{3E53AE6F-C5D8-44C0-8D5C-C86DA8278931}.Release|x86.Build.0 = Release|Any CPU
		{A5E28A9E-D591-4EF3-BC15-BD883ADBE219}.Debug|Any CPU.ActiveCfg = Debug|Any CPU
		{A5E28A9E-D591-4EF3-BC15-BD883ADBE219}.Debug|Any CPU.Build.0 = Debug|Any CPU
		{A5E28A9E-D591-4EF3-BC15-BD883ADBE219}.Debug|x64.ActiveCfg = Debug|Any CPU
		{A5E28A9E-D591-4EF3-BC15-BD883ADBE219}.Debug|x64.Build.0 = Debug|Any CPU
		{A5E28A9E-D591-4EF3-BC15-BD883ADBE219}.Debug|x86.ActiveCfg = Debug|Any CPU
		{A5E28A9E-D591-4EF3-BC15-BD883ADBE219}.Debug|x86.Build.0 = Debug|Any CPU
		{A5E28A9E-D591-4EF3-BC15-BD883ADBE219}.Release|Any CPU.ActiveCfg = Release|Any CPU
		{A5E28A9E-D591-4EF3-BC15-BD883ADBE219}.Release|Any CPU.Build.0 = Release|Any CPU
		{A5E28A9E-D591-4EF3-BC15-BD883ADBE219}.Release|x64.ActiveCfg = Release|Any CPU
		{A5E28A9E-D591-4EF3-BC15-BD883ADBE219}.Release|x64.Build.0 = Release|Any CPU
		{A5E28A9E-D591-4EF3-BC15-BD883ADBE219}.Release|x86.ActiveCfg = Release|Any CPU
		{A5E28A9E-D591-4EF3-BC15-BD883ADBE219}.Release|x86.Build.0 = Release|Any CPU
		{778C0BD9-0F58-4510-81FD-D074BDBB5AFC}.Debug|Any CPU.ActiveCfg = Debug|Any CPU
		{778C0BD9-0F58-4510-81FD-D074BDBB5AFC}.Debug|Any CPU.Build.0 = Debug|Any CPU
		{778C0BD9-0F58-4510-81FD-D074BDBB5AFC}.Debug|x64.ActiveCfg = Debug|Any CPU
		{778C0BD9-0F58-4510-81FD-D074BDBB5AFC}.Debug|x64.Build.0 = Debug|Any CPU
		{778C0BD9-0F58-4510-81FD-D074BDBB5AFC}.Debug|x86.ActiveCfg = Debug|Any CPU
		{778C0BD9-0F58-4510-81FD-D074BDBB5AFC}.Debug|x86.Build.0 = Debug|Any CPU
		{778C0BD9-0F58-4510-81FD-D074BDBB5AFC}.Release|Any CPU.ActiveCfg = Release|Any CPU
		{778C0BD9-0F58-4510-81FD-D074BDBB5AFC}.Release|Any CPU.Build.0 = Release|Any CPU
		{778C0BD9-0F58-4510-81FD-D074BDBB5AFC}.Release|x64.ActiveCfg = Release|Any CPU
		{778C0BD9-0F58-4510-81FD-D074BDBB5AFC}.Release|x64.Build.0 = Release|Any CPU
		{778C0BD9-0F58-4510-81FD-D074BDBB5AFC}.Release|x86.ActiveCfg = Release|Any CPU
		{778C0BD9-0F58-4510-81FD-D074BDBB5AFC}.Release|x86.Build.0 = Release|Any CPU
		{1DC146CD-1E6F-40B6-8970-C23AE19640D0}.Debug|Any CPU.ActiveCfg = Debug|Any CPU
		{1DC146CD-1E6F-40B6-8970-C23AE19640D0}.Debug|Any CPU.Build.0 = Debug|Any CPU
		{1DC146CD-1E6F-40B6-8970-C23AE19640D0}.Debug|x64.ActiveCfg = Debug|Any CPU
		{1DC146CD-1E6F-40B6-8970-C23AE19640D0}.Debug|x64.Build.0 = Debug|Any CPU
		{1DC146CD-1E6F-40B6-8970-C23AE19640D0}.Debug|x86.ActiveCfg = Debug|Any CPU
		{1DC146CD-1E6F-40B6-8970-C23AE19640D0}.Debug|x86.Build.0 = Debug|Any CPU
		{1DC146CD-1E6F-40B6-8970-C23AE19640D0}.Release|Any CPU.ActiveCfg = Release|Any CPU
		{1DC146CD-1E6F-40B6-8970-C23AE19640D0}.Release|Any CPU.Build.0 = Release|Any CPU
		{1DC146CD-1E6F-40B6-8970-C23AE19640D0}.Release|x64.ActiveCfg = Release|Any CPU
		{1DC146CD-1E6F-40B6-8970-C23AE19640D0}.Release|x64.Build.0 = Release|Any CPU
		{1DC146CD-1E6F-40B6-8970-C23AE19640D0}.Release|x86.ActiveCfg = Release|Any CPU
		{1DC146CD-1E6F-40B6-8970-C23AE19640D0}.Release|x86.Build.0 = Release|Any CPU
		{4664056B-85CD-4B4E-9657-9479DD679A41}.Debug|Any CPU.ActiveCfg = Debug|Any CPU
		{4664056B-85CD-4B4E-9657-9479DD679A41}.Debug|Any CPU.Build.0 = Debug|Any CPU
		{4664056B-85CD-4B4E-9657-9479DD679A41}.Debug|x64.ActiveCfg = Debug|Any CPU
		{4664056B-85CD-4B4E-9657-9479DD679A41}.Debug|x64.Build.0 = Debug|Any CPU
		{4664056B-85CD-4B4E-9657-9479DD679A41}.Debug|x86.ActiveCfg = Debug|Any CPU
		{4664056B-85CD-4B4E-9657-9479DD679A41}.Debug|x86.Build.0 = Debug|Any CPU
		{4664056B-85CD-4B4E-9657-9479DD679A41}.Release|Any CPU.ActiveCfg = Release|Any CPU
		{4664056B-85CD-4B4E-9657-9479DD679A41}.Release|Any CPU.Build.0 = Release|Any CPU
		{4664056B-85CD-4B4E-9657-9479DD679A41}.Release|x64.ActiveCfg = Release|Any CPU
		{4664056B-85CD-4B4E-9657-9479DD679A41}.Release|x64.Build.0 = Release|Any CPU
		{4664056B-85CD-4B4E-9657-9479DD679A41}.Release|x86.ActiveCfg = Release|Any CPU
		{4664056B-85CD-4B4E-9657-9479DD679A41}.Release|x86.Build.0 = Release|Any CPU
	EndGlobalSection
	GlobalSection(NestedProjects) = preSolution
		{3E53AE6F-C5D8-44C0-8D5C-C86DA8278931} = {2F2F590D-91B9-4611-A458-82B5C9524CFF}
		{A5E28A9E-D591-4EF3-BC15-BD883ADBE219} = {2F2F590D-91B9-4611-A458-82B5C9524CFF}
		{778C0BD9-0F58-4510-81FD-D074BDBB5AFC} = {2CDB8623-673F-4E9F-800C-C9C37953898D}
		{1DC146CD-1E6F-40B6-8970-C23AE19640D0} = {2CDB8623-673F-4E9F-800C-C9C37953898D}
		{4664056B-85CD-4B4E-9657-9479DD679A41} = {390B880E-6E9E-49AE-9A2A-F422C2608F8F}
	EndGlobalSection
EndGlobal
